
Microsoft Visual Studio Solution File, Format Version 12.00
# Visual Studio Version 16
VisualStudioVersion = 16.0.29709.97
MinimumVisualStudioVersion = 10.0.40219.1
Project("{FAE04EC0-301F-11D3-BF4B-00C04F79EFBC}") = "DocumentStoreConcepts", "DocumentStoreConcepts\DocumentStoreConcepts.csproj", "{4B15D6A1-67FB-43A7-9600-011F27E07D8C}"
EndProject
Global
	GlobalSection(SolutionConfigurationPlatforms) = preSolution
		Debug|Any CPU = Debug|Any CPU
		Release|Any CPU = Release|Any CPU
	EndGlobalSection
	GlobalSection(ProjectConfigurationPlatforms) = postSolution
		{4B15D6A1-67FB-43A7-9600-011F27E07D8C}.Debug|Any CPU.ActiveCfg = Debug|Any CPU
		{4B15D6A1-67FB-43A7-9600-011F27E07D8C}.Debug|Any CPU.Build.0 = Debug|Any CPU
		{4B15D6A1-67FB-43A7-9600-011F27E07D8C}.Release|Any CPU.ActiveCfg = Release|Any CPU
		{4B15D6A1-67FB-43A7-9600-011F27E07D8C}.Release|Any CPU.Build.0 = Release|Any CPU
	EndGlobalSection
	GlobalSection(SolutionProperties) = preSolution
		HideSolutionNode = FALSE
	EndGlobalSection
	GlobalSection(ExtensibilityGlobals) = postSolution
		SolutionGuid = {A95ACC6F-1892-4540-8BEC-38CF8FA6406E}
	EndGlobalSection
EndGlobal
